// !$*UTF8*$!
{
	archiveVersion = 1;
	classes = {
	};
	objectVersion = 46;
	objects = {

/* Begin PBXBuildFile section */
		03BAA2E2801770B5884C48ED /* Pods_FlicksApp.framework in Frameworks */ = {isa = PBXBuildFile; fileRef = 4E11B2A4A1E15796270B8776 /* Pods_FlicksApp.framework */; };
		585651371E414E4A00DA9064 /* AppDelegate.swift in Sources */ = {isa = PBXBuildFile; fileRef = 585651361E414E4A00DA9064 /* AppDelegate.swift */; };
		5856513C1E414E4A00DA9064 /* Main.storyboard in Resources */ = {isa = PBXBuildFile; fileRef = 5856513A1E414E4A00DA9064 /* Main.storyboard */; };
		5856513E1E414E4A00DA9064 /* Assets.xcassets in Resources */ = {isa = PBXBuildFile; fileRef = 5856513D1E414E4A00DA9064 /* Assets.xcassets */; };
		585651411E414E4A00DA9064 /* LaunchScreen.storyboard in Resources */ = {isa = PBXBuildFile; fileRef = 5856513F1E414E4A00DA9064 /* LaunchScreen.storyboard */; };
		585651491E41551D00DA9064 /* MoviesViewController.swift in Sources */ = {isa = PBXBuildFile; fileRef = 585651481E41551D00DA9064 /* MoviesViewController.swift */; };
		58EBFBDB1E47CAA300F1A53C /* MovieCollectionCell.swift in Sources */ = {isa = PBXBuildFile; fileRef = 58EBFBDA1E47CAA300F1A53C /* MovieCollectionCell.swift */; };
/* End PBXBuildFile section */

/* Begin PBXFileReference section */
		4E11B2A4A1E15796270B8776 /* Pods_FlicksApp.framework */ = {isa = PBXFileReference; explicitFileType = wrapper.framework; includeInIndex = 0; path = Pods_FlicksApp.framework; sourceTree = BUILT_PRODUCTS_DIR; };
		585651331E414E4A00DA9064 /* FlicksApp.app */ = {isa = PBXFileReference; explicitFileType = wrapper.application; includeInIndex = 0; path = FlicksApp.app; sourceTree = BUILT_PRODUCTS_DIR; };
		585651361E414E4A00DA9064 /* AppDelegate.swift */ = {isa = PBXFileReference; lastKnownFileType = sourcecode.swift; path = AppDelegate.swift; sourceTree = "<group>"; };
		5856513B1E414E4A00DA9064 /* Base */ = {isa = PBXFileReference; lastKnownFileType = file.storyboard; name = Base; path = Base.lproj/Main.storyboard; sourceTree = "<group>"; };
		5856513D1E414E4A00DA9064 /* Assets.xcassets */ = {isa = PBXFileReference; lastKnownFileType = folder.assetcatalog; path = Assets.xcassets; sourceTree = "<group>"; };
		585651401E414E4A00DA9064 /* Base */ = {isa = PBXFileReference; lastKnownFileType = file.storyboard; name = Base; path = Base.lproj/LaunchScreen.storyboard; sourceTree = "<group>"; };
		585651421E414E4A00DA9064 /* Info.plist */ = {isa = PBXFileReference; lastKnownFileType = text.plist.xml; path = Info.plist; sourceTree = "<group>"; };
		585651481E41551D00DA9064 /* MoviesViewController.swift */ = {isa = PBXFileReference; fileEncoding = 4; lastKnownFileType = sourcecode.swift; path = MoviesViewController.swift; sourceTree = "<group>"; };
		58EBFBDA1E47CAA300F1A53C /* MovieCollectionCell.swift */ = {isa = PBXFileReference; fileEncoding = 4; lastKnownFileType = sourcecode.swift; path = MovieCollectionCell.swift; sourceTree = "<group>"; };
		B67E950EE209C9387DA5857C /* Pods-FlicksApp.release.xcconfig */ = {isa = PBXFileReference; includeInIndex = 1; lastKnownFileType = text.xcconfig; name = "Pods-FlicksApp.release.xcconfig"; path = "Pods/Target Support Files/Pods-FlicksApp/Pods-FlicksApp.release.xcconfig"; sourceTree = "<group>"; };
		C848F05FD5737989E5B7C4F4 /* Pods-FlicksApp.debug.xcconfig */ = {isa = PBXFileReference; includeInIndex = 1; lastKnownFileType = text.xcconfig; name = "Pods-FlicksApp.debug.xcconfig"; path = "Pods/Target Support Files/Pods-FlicksApp/Pods-FlicksApp.debug.xcconfig"; sourceTree = "<group>"; };
/* End PBXFileReference section */

/* Begin PBXFrameworksBuildPhase section */
		585651301E414E4A00DA9064 /* Frameworks */ = {
			isa = PBXFrameworksBuildPhase;
			buildActionMask = 2147483647;
			files = (
				03BAA2E2801770B5884C48ED /* Pods_FlicksApp.framework in Frameworks */,
			);
			runOnlyForDeploymentPostprocessing = 0;
		};
/* End PBXFrameworksBuildPhase section */

/* Begin PBXGroup section */
		5856512A1E414E4A00DA9064 = {
			isa = PBXGroup;
			children = (
				585651351E414E4A00DA9064 /* FlicksApp */,
				585651341E414E4A00DA9064 /* Products */,
				76085C5FAADBD5C824F84EE3 /* Pods */,
				B82432BF4BE6CCE3B2F51D25 /* Frameworks */,
			);
			sourceTree = "<group>";
		};
		585651341E414E4A00DA9064 /* Products */ = {
			isa = PBXGroup;
			children = (
				585651331E414E4A00DA9064 /* FlicksApp.app */,
			);
			name = Products;
			sourceTree = "<group>";
		};
		585651351E414E4A00DA9064 /* FlicksApp */ = {
			isa = PBXGroup;
			children = (
				58D91A641E45892A007F3D42 /* Views */,
				58D91A631E45890C007F3D42 /* ViewControllers */,
				585651361E414E4A00DA9064 /* AppDelegate.swift */,
				5856513A1E414E4A00DA9064 /* Main.storyboard */,
				5856513D1E414E4A00DA9064 /* Assets.xcassets */,
				5856513F1E414E4A00DA9064 /* LaunchScreen.storyboard */,
				585651421E414E4A00DA9064 /* Info.plist */,
			);
			path = FlicksApp;
			sourceTree = "<group>";
		};
		58D91A631E45890C007F3D42 /* ViewControllers */ = {
			isa = PBXGroup;
			children = (
				585651481E41551D00DA9064 /* MoviesViewController.swift */,
			);
			name = ViewControllers;
			sourceTree = "<group>";
		};
		58D91A641E45892A007F3D42 /* Views */ = {
			isa = PBXGroup;
			children = (
				58EBFBDA1E47CAA300F1A53C /* MovieCollectionCell.swift */,
			);
			name = Views;
			sourceTree = "<group>";
		};
		76085C5FAADBD5C824F84EE3 /* Pods */ = {
			isa = PBXGroup;
			children = (
				C848F05FD5737989E5B7C4F4 /* Pods-FlicksApp.debug.xcconfig */,
				B67E950EE209C9387DA5857C /* Pods-FlicksApp.release.xcconfig */,
			);
			name = Pods;
			sourceTree = "<group>";
		};
		B82432BF4BE6CCE3B2F51D25 /* Frameworks */ = {
			isa = PBXGroup;
			children = (
				4E11B2A4A1E15796270B8776 /* Pods_FlicksApp.framework */,
			);
			name = Frameworks;
			sourceTree = "<group>";
		};
/* End PBXGroup section */

/* Begin PBXNativeTarget section */
		585651321E414E4A00DA9064 /* FlicksApp */ = {
			isa = PBXNativeTarget;
			buildConfigurationList = 585651451E414E4A00DA9064 /* Build configuration list for PBXNativeTarget "FlicksApp" */;
			buildPhases = (
				CD647E96CCFF0BA0C7E1307E /* [CP] Check Pods Manifest.lock */,
				5856512F1E414E4A00DA9064 /* Sources */,
				585651301E414E4A00DA9064 /* Frameworks */,
				585651311E414E4A00DA9064 /* Resources */,
				29836F522D25E2C5C6E9B40C /* [CP] Embed Pods Frameworks */,
				43FEAEFDDAFA8867777AA73D /* [CP] Copy Pods Resources */,
			);
			buildRules = (
			);
			dependencies = (
			);
			name = FlicksApp;
			productName = FlicksApp;
			productReference = 585651331E414E4A00DA9064 /* FlicksApp.app */;
			productType = "com.apple.product-type.application";
		};
/* End PBXNativeTarget section */

/* Begin PBXProject section */
		5856512B1E414E4A00DA9064 /* Project object */ = {
			isa = PBXProject;
			attributes = {
				LastSwiftUpdateCheck = 0820;
				LastUpgradeCheck = 0820;
				ORGANIZATIONNAME = dinesh;
				TargetAttributes = {
					585651321E414E4A00DA9064 = {
						CreatedOnToolsVersion = 8.2.1;
						ProvisioningStyle = Automatic;
					};
				};
			};
			buildConfigurationList = 5856512E1E414E4A00DA9064 /* Build configuration list for PBXProject "FlicksApp" */;
			compatibilityVersion = "Xcode 3.2";
			developmentRegion = English;
			hasScannedForEncodings = 0;
			knownRegions = (
				en,
				Base,
			);
			mainGroup = 5856512A1E414E4A00DA9064;
			productRefGroup = 585651341E414E4A00DA9064 /* Products */;
			projectDirPath = "";
			projectRoot = "";
			targets = (
				585651321E414E4A00DA9064 /* FlicksApp */,
			);
		};
/* End PBXProject section */

/* Begin PBXResourcesBuildPhase section */
		585651311E414E4A00DA9064 /* Resources */ = {
			isa = PBXResourcesBuildPhase;
			buildActionMask = 2147483647;
			files = (
				585651411E414E4A00DA9064 /* LaunchScreen.storyboard in Resources */,
				5856513E1E414E4A00DA9064 /* Assets.xcassets in Resources */,
				5856513C1E414E4A00DA9064 /* Main.storyboard in Resources */,
			);
			runOnlyForDeploymentPostprocessing = 0;
		};
/* End PBXResourcesBuildPhase section */

/* Begin PBXShellScriptBuildPhase section */
		29836F522D25E2C5C6E9B40C /* [CP] Embed Pods Frameworks */ = {
			isa = PBXShellScriptBuildPhase;
			buildActionMask = 2147483647;
			files = (
			);
			inputPaths = (
			);
			name = "[CP] Embed Pods Frameworks";
			outputPaths = (
			);
			runOnlyForDeploymentPostprocessing = 0;
			shellPath = /bin/sh;
			shellScript = "\"${SRCROOT}/Pods/Target Support Files/Pods-FlicksApp/Pods-FlicksApp-frameworks.sh\"\n";
			showEnvVarsInLog = 0;
		};
		43FEAEFDDAFA8867777AA73D /* [CP] Copy Pods Resources */ = {
			isa = PBXShellScriptBuildPhase;
			buildActionMask = 2147483647;
			files = (
			);
			inputPaths = (
			);
			name = "[CP] Copy Pods Resources";
			outputPaths = (
			);
			runOnlyForDeploymentPostprocessing = 0;
			shellPath = /bin/sh;
			shellScript = "\"${SRCROOT}/Pods/Target Support Files/Pods-FlicksApp/Pods-FlicksApp-resources.sh\"\n";
			showEnvVarsInLog = 0;
		};
		CD647E96CCFF0BA0C7E1307E /* [CP] Check Pods Manifest.lock */ = {
			isa = PBXShellScriptBuildPhase;
			buildActionMask = 2147483647;
			files = (
			);
			inputPaths = (
			);
			name = "[CP] Check Pods Manifest.lock";
			outputPaths = (
			);
			runOnlyForDeploymentPostprocessing = 0;
			shellPath = /bin/sh;
			shellScript = "diff \"${PODS_ROOT}/../Podfile.lock\" \"${PODS_ROOT}/Manifest.lock\" > /dev/null\nif [ $? != 0 ] ; then\n    # print error to STDERR\n    echo \"error: The sandbox is not in sync with the Podfile.lock. Run 'pod install' or update your CocoaPods installation.\" >&2\n    exit 1\nfi\n";
			showEnvVarsInLog = 0;
		};
/* End PBXShellScriptBuildPhase section */

/* Begin PBXSourcesBuildPhase section */
		5856512F1E414E4A00DA9064 /* Sources */ = {
			isa = PBXSourcesBuildPhase;
			buildActionMask = 2147483647;
			files = (
				58EBFBDB1E47CAA300F1A53C /* MovieCollectionCell.swift in Sources */,
				585651371E414E4A00DA9064 /* AppDelegate.swift in Sources */,
				585651491E41551D00DA9064 /* MoviesViewController.swift in Sources */,
			);
			runOnlyForDeploymentPostprocessing = 0;
		};
/* End PBXSourcesBuildPhase section */

/* Begin PBXVariantGroup section */
		5856513A1E414E4A00DA9064 /* Main.storyboard */ = {
			isa = PBXVariantGroup;
			children = (
				5856513B1E414E4A00DA9064 /* Base */,
			);
			name = Main.storyboard;
			sourceTree = "<group>";
		};
		5856513F1E414E4A00DA9064 /* LaunchScreen.storyboard */ = {
			isa = PBXVariantGroup;
			children = (
				585651401E414E4A00DA9064 /* Base */,
			);
			name = LaunchScreen.storyboard;
			sourceTree = "<group>";
		};
/* End PBXVariantGroup section */

/* Begin XCBuildConfiguration section */
		585651431E414E4A00DA9064 /* Debug */ = {
			isa = XCBuildConfiguration;
			buildSettings = {
				ALWAYS_SEARCH_USER_PATHS = NO;
				CLANG_ANALYZER_NONNULL = YES;
				CLANG_CXX_LANGUAGE_STANDARD = "gnu++0x";
				CLANG_CXX_LIBRARY = "libc++";
				CLANG_ENABLE_MODULES = YES;
				CLANG_ENABLE_OBJC_ARC = YES;
				CLANG_WARN_BOOL_CONVERSION = YES;
				CLANG_WARN_CONSTANT_CONVERSION = YES;
				CLANG_WARN_DIRECT_OBJC_ISA_USAGE = YES_ERROR;
				CLANG_WARN_DOCUMENTATION_COMMENTS = YES;
				CLANG_WARN_EMPTY_BODY = YES;
				CLANG_WARN_ENUM_CONVERSION = YES;
				CLANG_WARN_INFINITE_RECURSION = YES;
				CLANG_WARN_INT_CONVERSION = YES;
				CLANG_WARN_OBJC_ROOT_CLASS = YES_ERROR;
				CLANG_WARN_SUSPICIOUS_MOVE = YES;
				CLANG_WARN_UNREACHABLE_CODE = YES;
				CLANG_WARN__DUPLICATE_METHOD_MATCH = YES;
				"CODE_SIGN_IDENTITY[sdk=iphoneos*]" = "iPhone Developer";
				COPY_PHASE_STRIP = NO;
				DEBUG_INFORMATION_FORMAT = dwarf;
				ENABLE_STRICT_OBJC_MSGSEND = YES;
				ENABLE_TESTABILITY = YES;
				GCC_C_LANGUAGE_STANDARD = gnu99;
				GCC_DYNAMIC_NO_PIC = NO;
				GCC_NO_COMMON_BLOCKS = YES;
				GCC_OPTIMIZATION_LEVEL = 0;
				GCC_PREPROCESSOR_DEFINITIONS = (
					"DEBUG=1",
					"$(inherited)",
				);
				GCC_WARN_64_TO_32_BIT_CONVERSION = YES;
				GCC_WARN_ABOUT_RETURN_TYPE = YES_ERROR;
				GCC_WARN_UNDECLARED_SELECTOR = YES;
				GCC_WARN_UNINITIALIZED_AUTOS = YES_AGGRESSIVE;
				GCC_WARN_UNUSED_FUNCTION = YES;
				GCC_WARN_UNUSED_VARIABLE = YES;
				IPHONEOS_DEPLOYMENT_TARGET = 10.2;
				MTL_ENABLE_DEBUG_INFO = YES;
				ONLY_ACTIVE_ARCH = YES;
				SDKROOT = iphoneos;
				SWIFT_ACTIVE_COMPILATION_CONDITIONS = DEBUG;
				SWIFT_OPTIMIZATION_LEVEL = "-Onone";
			};
			name = Debug;
		};
		585651441E414E4A00DA9064 /* Release */ = {
			isa = XCBuildConfiguration;
			buildSettings = {
				ALWAYS_SEARCH_USER_PATHS = NO;
				CLANG_ANALYZER_NONNULL = YES;
				CLANG_CXX_LANGUAGE_STANDARD = "gnu++0x";
				CLANG_CXX_LIBRARY = "libc++";
				CLANG_ENABLE_MODULES = YES;
				CLANG_ENABLE_OBJC_ARC = YES;
				CLANG_WARN_BOOL_CONVERSION = YES;
				CLANG_WARN_CONSTANT_CONVERSION = YES;
				CLANG_WARN_DIRECT_OBJC_ISA_USAGE = YES_ERROR;
				CLANG_WARN_DOCUMENTATION_COMMENTS = YES;
				CLANG_WARN_EMPTY_BODY = YES;
				CLANG_WARN_ENUM_CONVERSION = YES;
				CLANG_WARN_INFINITE_RECURSION = YES;
				CLANG_WARN_INT_CONVERSION = YES;
				CLANG_WARN_OBJC_ROOT_CLASS = YES_ERROR;
				CLANG_WARN_SUSPICIOUS_MOVE = YES;
				CLANG_WARN_UNREACHABLE_CODE = YES;
				CLANG_WARN__DUPLICATE_METHOD_MATCH = YES;
				"CODE_SIGN_IDENTITY[sdk=iphoneos*]" = "iPhone Developer";
				COPY_PHASE_STRIP = NO;
				DEBUG_INFORMATION_FORMAT = "dwarf-with-dsym";
				ENABLE_NS_ASSERTIONS = NO;
				ENABLE_STRICT_OBJC_MSGSEND = YES;
				GCC_C_LANGUAGE_STANDARD = gnu99;
				GCC_NO_COMMON_BLOCKS = YES;
				GCC_WARN_64_TO_32_BIT_CONVERSION = YES;
				GCC_WARN_ABOUT_RETURN_TYPE = YES_ERROR;
				GCC_WARN_UNDECLARED_SELECTOR = YES;
				GCC_WARN_UNINITIALIZED_AUTOS = YES_AGGRESSIVE;
				GCC_WARN_UNUSED_FUNCTION = YES;
				GCC_WARN_UNUSED_VARIABLE = YES;
				IPHONEOS_DEPLOYMENT_TARGET = 10.2;
				MTL_ENABLE_DEBUG_INFO = NO;
				SDKROOT = iphoneos;
				SWIFT_OPTIMIZATION_LEVEL = "-Owholemodule";
				VALIDATE_PRODUCT = YES;
			};
			name = Release;
		};
		585651461E414E4A00DA9064 /* Debug */ = {
			isa = XCBuildConfiguration;
			baseConfigurationReference = C848F05FD5737989E5B7C4F4 /* Pods-FlicksApp.debug.xcconfig */;
			buildSettings = {
				ASSETCATALOG_COMPILER_APPICON_NAME = AppIcon;
				INFOPLIST_FILE = FlicksApp/Info.plist;
				LD_RUNPATH_SEARCH_PATHS = "$(inherited) @executable_path/Frameworks";
				PRODUCT_BUNDLE_IDENTIFIER = dinesh.FlicksApp;
				PRODUCT_NAME = "$(TARGET_NAME)";
				SWIFT_VERSION = 3.0;
			};
			name = Debug;
		};
		585651471E414E4A00DA9064 /* Release */ = {
			isa = XCBuildConfiguration;
			baseConfigurationReference = B67E950EE209C9387DA5857C /* Pods-FlicksApp.release.xcconfig */;
			buildSettings = {
				ASSETCATALOG_COMPILER_APPICON_NAME = AppIcon;
				INFOPLIST_FILE = FlicksApp/Info.plist;
				LD_RUNPATH_SEARCH_PATHS = "$(inherited) @executable_path/Frameworks";
				PRODUCT_BUNDLE_IDENTIFIER = dinesh.FlicksApp;
				PRODUCT_NAME = "$(TARGET_NAME)";
				SWIFT_VERSION = 3.0;
			};
			name = Release;
		};
/* End XCBuildConfiguration section */

/* Begin XCConfigurationList section */
		5856512E1E414E4A00DA9064 /* Build configuration list for PBXProject "FlicksApp" */ = {
			isa = XCConfigurationList;
			buildConfigurations = (
				585651431E414E4A00DA9064 /* Debug */,
				585651441E414E4A00DA9064 /* Release */,
			);
			defaultConfigurationIsVisible = 0;
			defaultConfigurationName = Release;
		};
		585651451E414E4A00DA9064 /* Build configuration list for PBXNativeTarget "FlicksApp" */ = {
			isa = XCConfigurationList;
			buildConfigurations = (
				585651461E414E4A00DA9064 /* Debug */,
				585651471E414E4A00DA9064 /* Release */,
			);
			defaultConfigurationIsVisible = 0;
			defaultConfigurationName = Release;
		};
/* End XCConfigurationList section */
	};
	rootObject = 5856512B1E414E4A00DA9064 /* Project object */;
}
